{
  "name": "social shoduler",
  "lockfileVersion": 3,
  "requires": true,
  "packages": {
    "": {
      "dependencies": {
        "@zernio/node": "^0.2.261"
      }
    },
    "node_modules/@zernio/node": {
      "version": "0.2.261",
      "resolved": "https://registry.npmjs.org/@zernio/node/-/node-0.2.261.tgz",
      "integrity": "sha512-IiLJrbyA9Z5tR01DpjpVBO5fEYsurabXlqnCMWf7RnW86VvQAqXrt+USwrGEwQcLUynrHFwFDcSU12e3SRckAA==",
      "license": "Apache-2.0",
      "engines": {
        "node": ">=18"
      }
    }
  }
}
